{
  "version": 4,
  "terraform_version": "1.1.4",
  "serial": 12,
  "lineage": "fcc2b84d-817c-c23b-6fb4-61e64a5a29c3",
  "outputs": {
    "external_ip_address_node01": {
      "value": "51.250.1.183",
      "type": "string"
    },
    "external_ip_address_node02": {
      "value": "84.252.131.40",
      "type": "string"
    },
    "external_ip_address_node03": {
      "value": "84.201.133.30",
      "type": "string"
    },
    "external_ip_address_node04": {
      "value": "84.252.130.20",
      "type": "string"
    },
    "external_ip_address_node05": {
      "value": "51.250.9.110",
      "type": "string"
    },
    "external_ip_address_node06": {
      "value": "51.250.9.150",
      "type": "string"
    },
    "internal_ip_address_node01": {
      "value": "192.168.101.11",
      "type": "string"
    },
    "internal_ip_address_node02": {
      "value": "192.168.101.12",
      "type": "string"
    },
    "internal_ip_address_node03": {
      "value": "192.168.101.13",
      "type": "string"
    },
    "internal_ip_address_node04": {
      "value": "192.168.101.14",
      "type": "string"
    },
    "internal_ip_address_node05": {
      "value": "192.168.101.15",
      "type": "string"
    },
    "internal_ip_address_node06": {
      "value": "192.168.101.16",
      "type": "string"
    }
  },
  "resources": [
    {
      "mode": "managed",
      "type": "local_file",
      "name": "inventory",
      "provider": "provider[\"registry.terraform.io/hashicorp/local\"]",
      "instances": [
        {
          "schema_version": 0,
          "attributes": {
            "content": "# Ansible inventory containing variable values from Terraform.\n# Generated by Terraform.\n\n[nodes:children]\nmanagers\nworkers\n\n[managers:children]\nactive\nstandby\n\n[active]\nnode01.netology.yc ansible_host=51.250.1.183\n\n[standby]\nnode02.netology.yc ansible_host=84.252.131.40\nnode03.netology.yc ansible_host=84.201.133.30\n\n[workers]\nnode04.netology.yc ansible_host=84.252.130.20\nnode05.netology.yc ansible_host=51.250.9.110\nnode06.netology.yc ansible_host=51.250.9.150\n",
            "content_base64": null,
            "directory_permission": "0777",
            "file_permission": "0777",
            "filename": "../ansible/inventory",
            "id": "07d77c6d41bbea5022a35ca4053c19e4637aca8d",
            "sensitive_content": null,
            "source": null
          },
          "sensitive_attributes": [],
          "private": "bnVsbA==",
          "dependencies": [
            "yandex_compute_instance.node01",
            "yandex_compute_instance.node02",
            "yandex_compute_instance.node03",
            "yandex_compute_instance.node04",
            "yandex_compute_instance.node05",
            "yandex_compute_instance.node06",
            "yandex_vpc_network.default",
            "yandex_vpc_subnet.default"
          ]
        }
      ]
    },
    {
      "mode": "managed",
      "type": "null_resource",
      "name": "cluster",
      "provider": "provider[\"registry.terraform.io/hashicorp/null\"]",
      "instances": [
        {
          "status": "tainted",
          "schema_version": 0,
          "attributes": {
            "id": "7168625497597779928",
            "triggers": null
          },
          "sensitive_attributes": [],
          "private": "bnVsbA==",
          "dependencies": [
            "local_file.inventory",
            "null_resource.wait",
            "yandex_compute_instance.node01",
            "yandex_compute_instance.node02",
            "yandex_compute_instance.node03",
            "yandex_compute_instance.node04",
            "yandex_compute_instance.node05",
            "yandex_compute_instance.node06",
            "yandex_vpc_network.default",
            "yandex_vpc_subnet.default"
          ]
        }
      ]
    },
    {
      "mode": "managed",
      "type": "null_resource",
      "name": "monitoring",
      "provider": "provider[\"registry.terraform.io/hashicorp/null\"]",
      "instances": []
    },
    {
      "mode": "managed",
      "type": "null_resource",
      "name": "sync",
      "provider": "provider[\"registry.terraform.io/hashicorp/null\"]",
      "instances": []
    },
    {
      "mode": "managed",
      "type": "null_resource",
      "name": "wait",
      "provider": "provider[\"registry.terraform.io/hashicorp/null\"]",
      "instances": [
        {
          "schema_version": 0,
          "attributes": {
            "id": "4046778462941820439",
            "triggers": null
          },
          "sensitive_attributes": [],
          "private": "bnVsbA==",
          "dependencies": [
            "local_file.inventory",
            "yandex_compute_instance.node01",
            "yandex_compute_instance.node02",
            "yandex_compute_instance.node03",
            "yandex_compute_instance.node04",
            "yandex_compute_instance.node05",
            "yandex_compute_instance.node06",
            "yandex_vpc_network.default",
            "yandex_vpc_subnet.default"
          ]
        }
      ]
    },
    {
      "mode": "managed",
      "type": "yandex_compute_instance",
      "name": "node01",
      "provider": "provider[\"registry.terraform.io/yandex-cloud/yandex\"]",
      "instances": [
        {
          "schema_version": 1,
          "attributes": {
            "allow_stopping_for_update": true,
            "boot_disk": [
              {
                "auto_delete": true,
                "device_name": "fhmle6qgbic7rutcodji",
                "disk_id": "fhmle6qgbic7rutcodji",
                "initialize_params": [
                  {
                    "block_size": 4096,
                    "description": "",
                    "image_id": "fd875g0ond103g3epp0b",
                    "name": "root-node01",
                    "size": 10,
                    "snapshot_id": "",
                    "type": "network-ssd"
                  }
                ],
                "mode": "READ_WRITE"
              }
            ],
            "created_at": "2022-02-07T08:14:05Z",
            "description": "",
            "folder_id": "b1g8b207aql8ebkgm3ep",
            "fqdn": "node01.netology.yc",
            "hostname": "node01",
            "id": "fhmguml26il0cc7sfah6",
            "labels": null,
            "metadata": {
              "ssh-keys": "centos:ssh-rsa AAAAB3NzaC1yc2EAAAADAQABAAABgQC2YZtpuQ0soKO+O7RadiEot74bwyWL/5WHh4NWgO5HgVEUMk7c8tXUEARwbikzWlVTFkPFhAHgbIt9pyJWBlIW9Lxr5vl00iF8sdTSneh56VlSAZ8XO+xeo1ubTGeqkwH6L9NsncM+BWyhwXxhxfSI3Sl/RLDxxWWBl8GRi50nw6Vb5JVI7292xvOHObungzqe4I0MwXDkxrzPt7119kJ+25rUPQhIAca7s37MtdyySHA8nD+qJ465pFSjthRQRosf8IzsGJf0UB7+HVjFzEG6pbGw2OcMKsAPjajTFa+ZT7/4QUwHfrZ6Q4O4n4pDiijxN1UfXYfrWm1SGpTnpj8pfKVo8qf7fqHVvoyvG0koT1Ssj13w6wOSpUsouMDStKSAsLeqSwkOxkdoCFogh+4qFzJ6XEYPcfuDdSookJSoutioEr1OlqR6N+vosqQW/pwz5PeTxxJunFlm2FSsMBfZpxOCBqGEyiPnS0EmB4Ra/iGHp7ZipJzW1bI9EMSakYU= s_kosenko@linuxvb\n"
            },
            "name": "node01",
            "network_acceleration_type": "standard",
            "network_interface": [
              {
                "dns_record": [],
                "index": 0,
                "ip_address": "192.168.101.11",
                "ipv4": true,
                "ipv6": false,
                "ipv6_address": "",
                "ipv6_dns_record": [],
                "mac_address": "d0:0d:10:f5:aa:23",
                "nat": true,
                "nat_dns_record": [],
                "nat_ip_address": "51.250.1.183",
                "nat_ip_version": "IPV4",
                "security_group_ids": [],
                "subnet_id": "e9bj4i6baqfimv7a1kmp"
              }
            ],
            "placement_policy": [
              {
                "placement_group_id": ""
              }
            ],
            "platform_id": "standard-v1",
            "resources": [
              {
                "core_fraction": 100,
                "cores": 4,
                "gpus": 0,
                "memory": 8
              }
            ],
            "scheduling_policy": [
              {
                "preemptible": false
              }
            ],
            "secondary_disk": [],
            "service_account_id": "",
            "status": "running",
            "timeouts": null,
            "zone": "ru-central1-a"
          },
          "sensitive_attributes": [],
          "private": "eyJlMmJmYjczMC1lY2FhLTExZTYtOGY4OC0zNDM2M2JjN2M0YzAiOnsiY3JlYXRlIjozMDAwMDAwMDAwMDAsImRlbGV0ZSI6MzAwMDAwMDAwMDAwLCJ1cGRhdGUiOjMwMDAwMDAwMDAwMH0sInNjaGVtYV92ZXJzaW9uIjoiMSJ9",
          "dependencies": [
            "yandex_vpc_network.default",
            "yandex_vpc_subnet.default"
          ]
        }
      ]
    },
    {
      "mode": "managed",
      "type": "yandex_compute_instance",
      "name": "node02",
      "provider": "provider[\"registry.terraform.io/yandex-cloud/yandex\"]",
      "instances": [
        {
          "schema_version": 1,
          "attributes": {
            "allow_stopping_for_update": true,
            "boot_disk": [
              {
                "auto_delete": true,
                "device_name": "fhmf57sajksng61lvdaa",
                "disk_id": "fhmf57sajksng61lvdaa",
                "initialize_params": [
                  {
                    "block_size": 4096,
                    "description": "",
                    "image_id": "fd875g0ond103g3epp0b",
                    "name": "root-node02",
                    "size": 10,
                    "snapshot_id": "",
                    "type": "network-ssd"
                  }
                ],
                "mode": "READ_WRITE"
              }
            ],
            "created_at": "2022-02-07T08:14:06Z",
            "description": "",
            "folder_id": "b1g8b207aql8ebkgm3ep",
            "fqdn": "node02.netology.yc",
            "hostname": "node02",
            "id": "fhmophdhqdqrbfrc8lv2",
            "labels": null,
            "metadata": {
              "ssh-keys": "centos:ssh-rsa AAAAB3NzaC1yc2EAAAADAQABAAABgQC2YZtpuQ0soKO+O7RadiEot74bwyWL/5WHh4NWgO5HgVEUMk7c8tXUEARwbikzWlVTFkPFhAHgbIt9pyJWBlIW9Lxr5vl00iF8sdTSneh56VlSAZ8XO+xeo1ubTGeqkwH6L9NsncM+BWyhwXxhxfSI3Sl/RLDxxWWBl8GRi50nw6Vb5JVI7292xvOHObungzqe4I0MwXDkxrzPt7119kJ+25rUPQhIAca7s37MtdyySHA8nD+qJ465pFSjthRQRosf8IzsGJf0UB7+HVjFzEG6pbGw2OcMKsAPjajTFa+ZT7/4QUwHfrZ6Q4O4n4pDiijxN1UfXYfrWm1SGpTnpj8pfKVo8qf7fqHVvoyvG0koT1Ssj13w6wOSpUsouMDStKSAsLeqSwkOxkdoCFogh+4qFzJ6XEYPcfuDdSookJSoutioEr1OlqR6N+vosqQW/pwz5PeTxxJunFlm2FSsMBfZpxOCBqGEyiPnS0EmB4Ra/iGHp7ZipJzW1bI9EMSakYU= s_kosenko@linuxvb\n"
            },
            "name": "node02",
            "network_acceleration_type": "standard",
            "network_interface": [
              {
                "dns_record": [],
                "index": 0,
                "ip_address": "192.168.101.12",
                "ipv4": true,
                "ipv6": false,
                "ipv6_address": "",
                "ipv6_dns_record": [],
                "mac_address": "d0:0d:18:cc:5b:1d",
                "nat": true,
                "nat_dns_record": [],
                "nat_ip_address": "84.252.131.40",
                "nat_ip_version": "IPV4",
                "security_group_ids": [],
                "subnet_id": "e9bj4i6baqfimv7a1kmp"
              }
            ],
            "placement_policy": [
              {
                "placement_group_id": ""
              }
            ],
            "platform_id": "standard-v1",
            "resources": [
              {
                "core_fraction": 100,
                "cores": 4,
                "gpus": 0,
                "memory": 8
              }
            ],
            "scheduling_policy": [
              {
                "preemptible": false
              }
            ],
            "secondary_disk": [],
            "service_account_id": "",
            "status": "running",
            "timeouts": null,
            "zone": "ru-central1-a"
          },
          "sensitive_attributes": [],
          "private": "eyJlMmJmYjczMC1lY2FhLTExZTYtOGY4OC0zNDM2M2JjN2M0YzAiOnsiY3JlYXRlIjozMDAwMDAwMDAwMDAsImRlbGV0ZSI6MzAwMDAwMDAwMDAwLCJ1cGRhdGUiOjMwMDAwMDAwMDAwMH0sInNjaGVtYV92ZXJzaW9uIjoiMSJ9",
          "dependencies": [
            "yandex_vpc_network.default",
            "yandex_vpc_subnet.default"
          ]
        }
      ]
    },
    {
      "mode": "managed",
      "type": "yandex_compute_instance",
      "name": "node03",
      "provider": "provider[\"registry.terraform.io/yandex-cloud/yandex\"]",
      "instances": [
        {
          "schema_version": 1,
          "attributes": {
            "allow_stopping_for_update": true,
            "boot_disk": [
              {
                "auto_delete": true,
                "device_name": "fhmv9jsot6a4asvsgncr",
                "disk_id": "fhmv9jsot6a4asvsgncr",
                "initialize_params": [
                  {
                    "block_size": 4096,
                    "description": "",
                    "image_id": "fd875g0ond103g3epp0b",
                    "name": "root-node03",
                    "size": 10,
                    "snapshot_id": "",
                    "type": "network-ssd"
                  }
                ],
                "mode": "READ_WRITE"
              }
            ],
            "created_at": "2022-02-07T08:14:05Z",
            "description": "",
            "folder_id": "b1g8b207aql8ebkgm3ep",
            "fqdn": "node03.netology.yc",
            "hostname": "node03",
            "id": "fhm760r9kuq624s58inv",
            "labels": null,
            "metadata": {
              "ssh-keys": "centos:ssh-rsa AAAAB3NzaC1yc2EAAAADAQABAAABgQC2YZtpuQ0soKO+O7RadiEot74bwyWL/5WHh4NWgO5HgVEUMk7c8tXUEARwbikzWlVTFkPFhAHgbIt9pyJWBlIW9Lxr5vl00iF8sdTSneh56VlSAZ8XO+xeo1ubTGeqkwH6L9NsncM+BWyhwXxhxfSI3Sl/RLDxxWWBl8GRi50nw6Vb5JVI7292xvOHObungzqe4I0MwXDkxrzPt7119kJ+25rUPQhIAca7s37MtdyySHA8nD+qJ465pFSjthRQRosf8IzsGJf0UB7+HVjFzEG6pbGw2OcMKsAPjajTFa+ZT7/4QUwHfrZ6Q4O4n4pDiijxN1UfXYfrWm1SGpTnpj8pfKVo8qf7fqHVvoyvG0koT1Ssj13w6wOSpUsouMDStKSAsLeqSwkOxkdoCFogh+4qFzJ6XEYPcfuDdSookJSoutioEr1OlqR6N+vosqQW/pwz5PeTxxJunFlm2FSsMBfZpxOCBqGEyiPnS0EmB4Ra/iGHp7ZipJzW1bI9EMSakYU= s_kosenko@linuxvb\n"
            },
            "name": "node03",
            "network_acceleration_type": "standard",
            "network_interface": [
              {
                "dns_record": [],
                "index": 0,
                "ip_address": "192.168.101.13",
                "ipv4": true,
                "ipv6": false,
                "ipv6_address": "",
                "ipv6_dns_record": [],
                "mac_address": "d0:0d:73:03:69:a7",
                "nat": true,
                "nat_dns_record": [],
                "nat_ip_address": "84.201.133.30",
                "nat_ip_version": "IPV4",
                "security_group_ids": [],
                "subnet_id": "e9bj4i6baqfimv7a1kmp"
              }
            ],
            "placement_policy": [
              {
                "placement_group_id": ""
              }
            ],
            "platform_id": "standard-v1",
            "resources": [
              {
                "core_fraction": 100,
                "cores": 4,
                "gpus": 0,
                "memory": 8
              }
            ],
            "scheduling_policy": [
              {
                "preemptible": false
              }
            ],
            "secondary_disk": [],
            "service_account_id": "",
            "status": "running",
            "timeouts": null,
            "zone": "ru-central1-a"
          },
          "sensitive_attributes": [],
          "private": "eyJlMmJmYjczMC1lY2FhLTExZTYtOGY4OC0zNDM2M2JjN2M0YzAiOnsiY3JlYXRlIjozMDAwMDAwMDAwMDAsImRlbGV0ZSI6MzAwMDAwMDAwMDAwLCJ1cGRhdGUiOjMwMDAwMDAwMDAwMH0sInNjaGVtYV92ZXJzaW9uIjoiMSJ9",
          "dependencies": [
            "yandex_vpc_network.default",
            "yandex_vpc_subnet.default"
          ]
        }
      ]
    },
    {
      "mode": "managed",
      "type": "yandex_compute_instance",
      "name": "node04",
      "provider": "provider[\"registry.terraform.io/yandex-cloud/yandex\"]",
      "instances": [
        {
          "schema_version": 1,
          "attributes": {
            "allow_stopping_for_update": true,
            "boot_disk": [
              {
                "auto_delete": true,
                "device_name": "fhm91bbg63sm7roagte8",
                "disk_id": "fhm91bbg63sm7roagte8",
                "initialize_params": [
                  {
                    "block_size": 4096,
                    "description": "",
                    "image_id": "fd875g0ond103g3epp0b",
                    "name": "root-node04",
                    "size": 40,
                    "snapshot_id": "",
                    "type": "network-ssd"
                  }
                ],
                "mode": "READ_WRITE"
              }
            ],
            "created_at": "2022-02-07T08:14:05Z",
            "description": "",
            "folder_id": "b1g8b207aql8ebkgm3ep",
            "fqdn": "node04.netology.yc",
            "hostname": "node04",
            "id": "fhm8ll31dtmthjasescl",
            "labels": null,
            "metadata": {
              "ssh-keys": "centos:ssh-rsa AAAAB3NzaC1yc2EAAAADAQABAAABgQC2YZtpuQ0soKO+O7RadiEot74bwyWL/5WHh4NWgO5HgVEUMk7c8tXUEARwbikzWlVTFkPFhAHgbIt9pyJWBlIW9Lxr5vl00iF8sdTSneh56VlSAZ8XO+xeo1ubTGeqkwH6L9NsncM+BWyhwXxhxfSI3Sl/RLDxxWWBl8GRi50nw6Vb5JVI7292xvOHObungzqe4I0MwXDkxrzPt7119kJ+25rUPQhIAca7s37MtdyySHA8nD+qJ465pFSjthRQRosf8IzsGJf0UB7+HVjFzEG6pbGw2OcMKsAPjajTFa+ZT7/4QUwHfrZ6Q4O4n4pDiijxN1UfXYfrWm1SGpTnpj8pfKVo8qf7fqHVvoyvG0koT1Ssj13w6wOSpUsouMDStKSAsLeqSwkOxkdoCFogh+4qFzJ6XEYPcfuDdSookJSoutioEr1OlqR6N+vosqQW/pwz5PeTxxJunFlm2FSsMBfZpxOCBqGEyiPnS0EmB4Ra/iGHp7ZipJzW1bI9EMSakYU= s_kosenko@linuxvb\n"
            },
            "name": "node04",
            "network_acceleration_type": "standard",
            "network_interface": [
              {
                "dns_record": [],
                "index": 0,
                "ip_address": "192.168.101.14",
                "ipv4": true,
                "ipv6": false,
                "ipv6_address": "",
                "ipv6_dns_record": [],
                "mac_address": "d0:0d:8a:d4:61:6f",
                "nat": true,
                "nat_dns_record": [],
                "nat_ip_address": "84.252.130.20",
                "nat_ip_version": "IPV4",
                "security_group_ids": [],
                "subnet_id": "e9bj4i6baqfimv7a1kmp"
              }
            ],
            "placement_policy": [
              {
                "placement_group_id": ""
              }
            ],
            "platform_id": "standard-v1",
            "resources": [
              {
                "core_fraction": 100,
                "cores": 4,
                "gpus": 0,
                "memory": 8
              }
            ],
            "scheduling_policy": [
              {
                "preemptible": false
              }
            ],
            "secondary_disk": [],
            "service_account_id": "",
            "status": "running",
            "timeouts": null,
            "zone": "ru-central1-a"
          },
          "sensitive_attributes": [],
          "private": "eyJlMmJmYjczMC1lY2FhLTExZTYtOGY4OC0zNDM2M2JjN2M0YzAiOnsiY3JlYXRlIjozMDAwMDAwMDAwMDAsImRlbGV0ZSI6MzAwMDAwMDAwMDAwLCJ1cGRhdGUiOjMwMDAwMDAwMDAwMH0sInNjaGVtYV92ZXJzaW9uIjoiMSJ9",
          "dependencies": [
            "yandex_vpc_network.default",
            "yandex_vpc_subnet.default"
          ]
        }
      ]
    },
    {
      "mode": "managed",
      "type": "yandex_compute_instance",
      "name": "node05",
      "provider": "provider[\"registry.terraform.io/yandex-cloud/yandex\"]",
      "instances": [
        {
          "schema_version": 1,
          "attributes": {
            "allow_stopping_for_update": true,
            "boot_disk": [
              {
                "auto_delete": true,
                "device_name": "fhmr2mjd56arfnj6n1hu",
                "disk_id": "fhmr2mjd56arfnj6n1hu",
                "initialize_params": [
                  {
                    "block_size": 4096,
                    "description": "",
                    "image_id": "fd875g0ond103g3epp0b",
                    "name": "root-node05",
                    "size": 40,
                    "snapshot_id": "",
                    "type": "network-ssd"
                  }
                ],
                "mode": "READ_WRITE"
              }
            ],
            "created_at": "2022-02-07T08:14:06Z",
            "description": "",
            "folder_id": "b1g8b207aql8ebkgm3ep",
            "fqdn": "node05.netology.yc",
            "hostname": "node05",
            "id": "fhm2g2gu125a9pcdevg5",
            "labels": null,
            "metadata": {
              "ssh-keys": "centos:ssh-rsa AAAAB3NzaC1yc2EAAAADAQABAAABgQC2YZtpuQ0soKO+O7RadiEot74bwyWL/5WHh4NWgO5HgVEUMk7c8tXUEARwbikzWlVTFkPFhAHgbIt9pyJWBlIW9Lxr5vl00iF8sdTSneh56VlSAZ8XO+xeo1ubTGeqkwH6L9NsncM+BWyhwXxhxfSI3Sl/RLDxxWWBl8GRi50nw6Vb5JVI7292xvOHObungzqe4I0MwXDkxrzPt7119kJ+25rUPQhIAca7s37MtdyySHA8nD+qJ465pFSjthRQRosf8IzsGJf0UB7+HVjFzEG6pbGw2OcMKsAPjajTFa+ZT7/4QUwHfrZ6Q4O4n4pDiijxN1UfXYfrWm1SGpTnpj8pfKVo8qf7fqHVvoyvG0koT1Ssj13w6wOSpUsouMDStKSAsLeqSwkOxkdoCFogh+4qFzJ6XEYPcfuDdSookJSoutioEr1OlqR6N+vosqQW/pwz5PeTxxJunFlm2FSsMBfZpxOCBqGEyiPnS0EmB4Ra/iGHp7ZipJzW1bI9EMSakYU= s_kosenko@linuxvb\n"
            },
            "name": "node05",
            "network_acceleration_type": "standard",
            "network_interface": [
              {
                "dns_record": [],
                "index": 0,
                "ip_address": "192.168.101.15",
                "ipv4": true,
                "ipv6": false,
                "ipv6_address": "",
                "ipv6_dns_record": [],
                "mac_address": "d0:0d:28:0a:1e:08",
                "nat": true,
                "nat_dns_record": [],
                "nat_ip_address": "51.250.9.110",
                "nat_ip_version": "IPV4",
                "security_group_ids": [],
                "subnet_id": "e9bj4i6baqfimv7a1kmp"
              }
            ],
            "placement_policy": [
              {
                "placement_group_id": ""
              }
            ],
            "platform_id": "standard-v1",
            "resources": [
              {
                "core_fraction": 100,
                "cores": 4,
                "gpus": 0,
                "memory": 8
              }
            ],
            "scheduling_policy": [
              {
                "preemptible": false
              }
            ],
            "secondary_disk": [],
            "service_account_id": "",
            "status": "running",
            "timeouts": null,
            "zone": "ru-central1-a"
          },
          "sensitive_attributes": [],
          "private": "eyJlMmJmYjczMC1lY2FhLTExZTYtOGY4OC0zNDM2M2JjN2M0YzAiOnsiY3JlYXRlIjozMDAwMDAwMDAwMDAsImRlbGV0ZSI6MzAwMDAwMDAwMDAwLCJ1cGRhdGUiOjMwMDAwMDAwMDAwMH0sInNjaGVtYV92ZXJzaW9uIjoiMSJ9",
          "dependencies": [
            "yandex_vpc_network.default",
            "yandex_vpc_subnet.default"
          ]
        }
      ]
    },
    {
      "mode": "managed",
      "type": "yandex_compute_instance",
      "name": "node06",
      "provider": "provider[\"registry.terraform.io/yandex-cloud/yandex\"]",
      "instances": [
        {
          "schema_version": 1,
          "attributes": {
            "allow_stopping_for_update": true,
            "boot_disk": [
              {
                "auto_delete": true,
                "device_name": "fhms851mol9pqt79l0pv",
                "disk_id": "fhms851mol9pqt79l0pv",
                "initialize_params": [
                  {
                    "block_size": 4096,
                    "description": "",
                    "image_id": "fd875g0ond103g3epp0b",
                    "name": "root-node06",
                    "size": 40,
                    "snapshot_id": "",
                    "type": "network-ssd"
                  }
                ],
                "mode": "READ_WRITE"
              }
            ],
            "created_at": "2022-02-07T08:14:05Z",
            "description": "",
            "folder_id": "b1g8b207aql8ebkgm3ep",
            "fqdn": "node06.netology.yc",
            "hostname": "node06",
            "id": "fhm5eg457tvpt09f63pg",
            "labels": null,
            "metadata": {
              "ssh-keys": "centos:ssh-rsa AAAAB3NzaC1yc2EAAAADAQABAAABgQC2YZtpuQ0soKO+O7RadiEot74bwyWL/5WHh4NWgO5HgVEUMk7c8tXUEARwbikzWlVTFkPFhAHgbIt9pyJWBlIW9Lxr5vl00iF8sdTSneh56VlSAZ8XO+xeo1ubTGeqkwH6L9NsncM+BWyhwXxhxfSI3Sl/RLDxxWWBl8GRi50nw6Vb5JVI7292xvOHObungzqe4I0MwXDkxrzPt7119kJ+25rUPQhIAca7s37MtdyySHA8nD+qJ465pFSjthRQRosf8IzsGJf0UB7+HVjFzEG6pbGw2OcMKsAPjajTFa+ZT7/4QUwHfrZ6Q4O4n4pDiijxN1UfXYfrWm1SGpTnpj8pfKVo8qf7fqHVvoyvG0koT1Ssj13w6wOSpUsouMDStKSAsLeqSwkOxkdoCFogh+4qFzJ6XEYPcfuDdSookJSoutioEr1OlqR6N+vosqQW/pwz5PeTxxJunFlm2FSsMBfZpxOCBqGEyiPnS0EmB4Ra/iGHp7ZipJzW1bI9EMSakYU= s_kosenko@linuxvb\n"
            },
            "name": "node06",
            "network_acceleration_type": "standard",
            "network_interface": [
              {
                "dns_record": [],
                "index": 0,
                "ip_address": "192.168.101.16",
                "ipv4": true,
                "ipv6": false,
                "ipv6_address": "",
                "ipv6_dns_record": [],
                "mac_address": "d0:0d:57:40:85:3f",
                "nat": true,
                "nat_dns_record": [],
                "nat_ip_address": "51.250.9.150",
                "nat_ip_version": "IPV4",
                "security_group_ids": [],
                "subnet_id": "e9bj4i6baqfimv7a1kmp"
              }
            ],
            "placement_policy": [
              {
                "placement_group_id": ""
              }
            ],
            "platform_id": "standard-v1",
            "resources": [
              {
                "core_fraction": 100,
                "cores": 4,
                "gpus": 0,
                "memory": 8
              }
            ],
            "scheduling_policy": [
              {
                "preemptible": false
              }
            ],
            "secondary_disk": [],
            "service_account_id": "",
            "status": "running",
            "timeouts": null,
            "zone": "ru-central1-a"
          },
          "sensitive_attributes": [],
          "private": "eyJlMmJmYjczMC1lY2FhLTExZTYtOGY4OC0zNDM2M2JjN2M0YzAiOnsiY3JlYXRlIjozMDAwMDAwMDAwMDAsImRlbGV0ZSI6MzAwMDAwMDAwMDAwLCJ1cGRhdGUiOjMwMDAwMDAwMDAwMH0sInNjaGVtYV92ZXJzaW9uIjoiMSJ9",
          "dependencies": [
            "yandex_vpc_network.default",
            "yandex_vpc_subnet.default"
          ]
        }
      ]
    },
    {
      "mode": "managed",
      "type": "yandex_vpc_network",
      "name": "default",
      "provider": "provider[\"registry.terraform.io/yandex-cloud/yandex\"]",
      "instances": [
        {
          "schema_version": 0,
          "attributes": {
            "created_at": "2022-02-07T08:14:03Z",
            "default_security_group_id": "",
            "description": "",
            "folder_id": "b1g8b207aql8ebkgm3ep",
            "id": "enpi1fb0lvvlsrd9kj1s",
            "labels": {},
            "name": "net",
            "subnet_ids": [],
            "timeouts": null
          },
          "sensitive_attributes": [],
          "private": "eyJlMmJmYjczMC1lY2FhLTExZTYtOGY4OC0zNDM2M2JjN2M0YzAiOnsiY3JlYXRlIjo2MDAwMDAwMDAwMCwiZGVsZXRlIjo2MDAwMDAwMDAwMCwidXBkYXRlIjo2MDAwMDAwMDAwMH19"
        }
      ]
    },
    {
      "mode": "managed",
      "type": "yandex_vpc_subnet",
      "name": "default",
      "provider": "provider[\"registry.terraform.io/yandex-cloud/yandex\"]",
      "instances": [
        {
          "schema_version": 0,
          "attributes": {
            "created_at": "2022-02-07T08:14:04Z",
            "description": "",
            "dhcp_options": [],
            "folder_id": "b1g8b207aql8ebkgm3ep",
            "id": "e9bj4i6baqfimv7a1kmp",
            "labels": {},
            "name": "subnet",
            "network_id": "enpi1fb0lvvlsrd9kj1s",
            "route_table_id": "",
            "timeouts": null,
            "v4_cidr_blocks": [
              "192.168.101.0/24"
            ],
            "v6_cidr_blocks": [],
            "zone": "ru-central1-a"
          },
          "sensitive_attributes": [],
          "private": "eyJlMmJmYjczMC1lY2FhLTExZTYtOGY4OC0zNDM2M2JjN2M0YzAiOnsiY3JlYXRlIjoxODAwMDAwMDAwMDAsImRlbGV0ZSI6MTgwMDAwMDAwMDAwLCJ1cGRhdGUiOjE4MDAwMDAwMDAwMH19",
          "dependencies": [
            "yandex_vpc_network.default"
          ]
        }
      ]
    }
  ]
}
