{
  "version": 4,
  "terraform_version": "1.1.4",
  "serial": 9,
  "lineage": "4de31636-3bda-4607-9285-3ed75716c63c",
  "outputs": {
    "external_ip_address_node01_yandex_cloud": {
      "value": "84.252.128.154",
      "type": "string"
    },
    "internal_ip_address_node01_yandex_cloud": {
      "value": "192.168.101.4",
      "type": "string"
    }
  },
  "resources": [
    {
      "mode": "managed",
      "type": "yandex_compute_instance",
      "name": "node01",
      "provider": "provider[\"registry.terraform.io/yandex-cloud/yandex\"]",
      "instances": [
        {
          "schema_version": 1,
          "attributes": {
            "allow_stopping_for_update": true,
            "boot_disk": [
              {
                "auto_delete": true,
                "device_name": "fhmratqvu9l442c0eb6j",
                "disk_id": "fhmratqvu9l442c0eb6j",
                "initialize_params": [
                  {
                    "block_size": 4096,
                    "description": "",
                    "image_id": "fd875g0ond103g3epp0b",
                    "name": "root-node01",
                    "size": 50,
                    "snapshot_id": "",
                    "type": "network-ssd"
                  }
                ],
                "mode": "READ_WRITE"
              }
            ],
            "created_at": "2022-01-31T13:17:17Z",
            "description": "",
            "folder_id": "b1g8b207aql8ebkgm3ep",
            "fqdn": "node01.netology.cloud",
            "hostname": "node01",
            "id": "fhmsd1f9rvil4r969q2c",
            "labels": null,
            "metadata": {
              "ssh-keys": "centos:ssh-rsa AAAAB3NzaC1yc2EAAAADAQABAAABgQC2YZtpuQ0soKO+O7RadiEot74bwyWL/5WHh4NWgO5HgVEUMk7c8tXUEARwbikzWlVTFkPFhAHgbIt9pyJWBlIW9Lxr5vl00iF8sdTSneh56VlSAZ8XO+xeo1ubTGeqkwH6L9NsncM+BWyhwXxhxfSI3Sl/RLDxxWWBl8GRi50nw6Vb5JVI7292xvOHObungzqe4I0MwXDkxrzPt7119kJ+25rUPQhIAca7s37MtdyySHA8nD+qJ465pFSjthRQRosf8IzsGJf0UB7+HVjFzEG6pbGw2OcMKsAPjajTFa+ZT7/4QUwHfrZ6Q4O4n4pDiijxN1UfXYfrWm1SGpTnpj8pfKVo8qf7fqHVvoyvG0koT1Ssj13w6wOSpUsouMDStKSAsLeqSwkOxkdoCFogh+4qFzJ6XEYPcfuDdSookJSoutioEr1OlqR6N+vosqQW/pwz5PeTxxJunFlm2FSsMBfZpxOCBqGEyiPnS0EmB4Ra/iGHp7ZipJzW1bI9EMSakYU= s_kosenko@linuxvb\n"
            },
            "name": "node01",
            "network_acceleration_type": "standard",
            "network_interface": [
              {
                "dns_record": [],
                "index": 0,
                "ip_address": "192.168.101.4",
                "ipv4": true,
                "ipv6": false,
                "ipv6_address": "",
                "ipv6_dns_record": [],
                "mac_address": "d0:0d:1c:68:5e:9d",
                "nat": true,
                "nat_dns_record": [],
                "nat_ip_address": "84.252.128.154",
                "nat_ip_version": "IPV4",
                "security_group_ids": [],
                "subnet_id": "e9b3pmbbbft7hp2n87f9"
              }
            ],
            "placement_policy": [
              {
                "placement_group_id": ""
              }
            ],
            "platform_id": "standard-v1",
            "resources": [
              {
                "core_fraction": 100,
                "cores": 8,
                "gpus": 0,
                "memory": 8
              }
            ],
            "scheduling_policy": [
              {
                "preemptible": false
              }
            ],
            "secondary_disk": [],
            "service_account_id": "",
            "status": "running",
            "timeouts": null,
            "zone": "ru-central1-a"
          },
          "sensitive_attributes": [],
          "private": "eyJlMmJmYjczMC1lY2FhLTExZTYtOGY4OC0zNDM2M2JjN2M0YzAiOnsiY3JlYXRlIjozMDAwMDAwMDAwMDAsImRlbGV0ZSI6MzAwMDAwMDAwMDAwLCJ1cGRhdGUiOjMwMDAwMDAwMDAwMH0sInNjaGVtYV92ZXJzaW9uIjoiMSJ9",
          "dependencies": [
            "yandex_vpc_subnet.default"
          ]
        }
      ]
    },
    {
      "mode": "managed",
      "type": "yandex_compute_instance",
      "name": "node02",
      "provider": "provider[\"registry.terraform.io/yandex-cloud/yandex\"]",
      "instances": [
        {
          "schema_version": 1,
          "attributes": {
            "allow_stopping_for_update": true,
            "boot_disk": [
              {
                "auto_delete": true,
                "device_name": "fhmiiiopm1cr4l52kc7l",
                "disk_id": "fhmiiiopm1cr4l52kc7l",
                "initialize_params": [
                  {
                    "block_size": 4096,
                    "description": "",
                    "image_id": "fd875g0ond103g3epp0b",
                    "name": "root-node02",
                    "size": 50,
                    "snapshot_id": "",
                    "type": "network-ssd"
                  }
                ],
                "mode": "READ_WRITE"
              }
            ],
            "created_at": "2022-01-31T13:17:02Z",
            "description": "",
            "folder_id": "b1g8b207aql8ebkgm3ep",
            "fqdn": "node02.netology.cloud",
            "hostname": "node02",
            "id": "fhmolvlrcu54kjit7vv3",
            "labels": null,
            "metadata": {
              "ssh-keys": "centos:ssh-rsa AAAAB3NzaC1yc2EAAAADAQABAAABgQC2YZtpuQ0soKO+O7RadiEot74bwyWL/5WHh4NWgO5HgVEUMk7c8tXUEARwbikzWlVTFkPFhAHgbIt9pyJWBlIW9Lxr5vl00iF8sdTSneh56VlSAZ8XO+xeo1ubTGeqkwH6L9NsncM+BWyhwXxhxfSI3Sl/RLDxxWWBl8GRi50nw6Vb5JVI7292xvOHObungzqe4I0MwXDkxrzPt7119kJ+25rUPQhIAca7s37MtdyySHA8nD+qJ465pFSjthRQRosf8IzsGJf0UB7+HVjFzEG6pbGw2OcMKsAPjajTFa+ZT7/4QUwHfrZ6Q4O4n4pDiijxN1UfXYfrWm1SGpTnpj8pfKVo8qf7fqHVvoyvG0koT1Ssj13w6wOSpUsouMDStKSAsLeqSwkOxkdoCFogh+4qFzJ6XEYPcfuDdSookJSoutioEr1OlqR6N+vosqQW/pwz5PeTxxJunFlm2FSsMBfZpxOCBqGEyiPnS0EmB4Ra/iGHp7ZipJzW1bI9EMSakYU= s_kosenko@linuxvb\n"
            },
            "name": "node02",
            "network_acceleration_type": "standard",
            "network_interface": [
              {
                "dns_record": [],
                "index": 0,
                "ip_address": "192.168.101.28",
                "ipv4": true,
                "ipv6": false,
                "ipv6_address": "",
                "ipv6_dns_record": [],
                "mac_address": "d0:0d:18:af:eb:b6",
                "nat": true,
                "nat_dns_record": [],
                "nat_ip_address": "130.193.48.171",
                "nat_ip_version": "IPV4",
                "security_group_ids": [],
                "subnet_id": "e9b3pmbbbft7hp2n87f9"
              }
            ],
            "placement_policy": [
              {
                "placement_group_id": ""
              }
            ],
            "platform_id": "standard-v1",
            "resources": [
              {
                "core_fraction": 100,
                "cores": 2,
                "gpus": 0,
                "memory": 4
              }
            ],
            "scheduling_policy": [
              {
                "preemptible": false
              }
            ],
            "secondary_disk": [],
            "service_account_id": "",
            "status": "running",
            "timeouts": null,
            "zone": "ru-central1-a"
          },
          "sensitive_attributes": [],
          "private": "eyJlMmJmYjczMC1lY2FhLTExZTYtOGY4OC0zNDM2M2JjN2M0YzAiOnsiY3JlYXRlIjozMDAwMDAwMDAwMDAsImRlbGV0ZSI6MzAwMDAwMDAwMDAwLCJ1cGRhdGUiOjMwMDAwMDAwMDAwMH0sInNjaGVtYV92ZXJzaW9uIjoiMSJ9",
          "dependencies": [
            "yandex_vpc_subnet.default"
          ]
        }
      ]
    },
    {
      "mode": "managed",
      "type": "yandex_vpc_network",
      "name": "default",
      "provider": "provider[\"registry.terraform.io/yandex-cloud/yandex\"]",
      "instances": [
        {
          "schema_version": 0,
          "attributes": {
            "created_at": "2022-01-31T11:52:10Z",
            "default_security_group_id": "",
            "description": "",
            "folder_id": "b1g8b207aql8ebkgm3ep",
            "id": "enp8qs0ejkcu8d69bn94",
            "labels": {},
            "name": "net",
            "subnet_ids": [
              "e9b3pmbbbft7hp2n87f9"
            ],
            "timeouts": null
          },
          "sensitive_attributes": [],
          "private": "eyJlMmJmYjczMC1lY2FhLTExZTYtOGY4OC0zNDM2M2JjN2M0YzAiOnsiY3JlYXRlIjo2MDAwMDAwMDAwMCwiZGVsZXRlIjo2MDAwMDAwMDAwMCwidXBkYXRlIjo2MDAwMDAwMDAwMH19"
        }
      ]
    },
    {
      "mode": "managed",
      "type": "yandex_vpc_subnet",
      "name": "default",
      "provider": "provider[\"registry.terraform.io/yandex-cloud/yandex\"]",
      "instances": [
        {
          "schema_version": 0,
          "attributes": {
            "created_at": "2022-01-31T11:52:11Z",
            "description": "",
            "dhcp_options": [],
            "folder_id": "b1g8b207aql8ebkgm3ep",
            "id": "e9b3pmbbbft7hp2n87f9",
            "labels": {},
            "name": "subnet",
            "network_id": "enp8qs0ejkcu8d69bn94",
            "route_table_id": "",
            "timeouts": null,
            "v4_cidr_blocks": [
              "192.168.101.0/24"
            ],
            "v6_cidr_blocks": [],
            "zone": "ru-central1-a"
          },
          "sensitive_attributes": [],
          "private": "eyJlMmJmYjczMC1lY2FhLTExZTYtOGY4OC0zNDM2M2JjN2M0YzAiOnsiY3JlYXRlIjoxODAwMDAwMDAwMDAsImRlbGV0ZSI6MTgwMDAwMDAwMDAwLCJ1cGRhdGUiOjE4MDAwMDAwMDAwMH19",
          "dependencies": [
            "yandex_vpc_network.default"
          ]
        }
      ]
    }
  ]
}
